github.com/allegro/bigcache/v3 v3.1.0 h1:H2Vp8VOvxcrB91o86fUSVJFqeuz8kpyyB02eH3bSzwk=
github.com/allegro/bigcache/v3 v3.1.0/go.mod h1:aPyh7jEvrog9zAwx5N7+JUQX5dZTSGpxF1LAR4dr35I=
github.com/danielgtaylor/huma/v2 v2.38.0 h1:fb0WZCatnaiHLphMQDDWDjygNxfMkX/ENma3QsRl7vY=
github.com/danielgtaylor/huma/v2 v2.38.0/go.mod h1:k9hwjlgWFt1t2jsmQGlsgXAG2FBTZa4kkjV581qAtfo=
github.com/go-chi/chi/v5 v5.3.0 h1:halUjDxhshgXHMrao5bB8eNBXo/rnzwr8m5m36glehM=
github.com/go-chi/chi/v5 v5.3.0/go.mod h1:R+tYY2hNuVUUjxoPtqUdgBqevM9s9njzkTLutVsOCto=
